
Microsoft Visual Studio Solution File, Format Version 12.00
Project("{FAE04EC0-301F-11D3-BF4B-00C04F79EFBC}") = "StS1DeprecatedThings", "StS1DeprecatedThings.csproj", "{F996CBB2-6C84-4A70-A369-747B0D4DF403}"
EndProject
Global
	GlobalSection(SolutionConfigurationPlatforms) = preSolution
		Debug|Any CPU = Debug|Any CPU
		ExportDebug|Any CPU = ExportDebug|Any CPU
		ExportRelease|Any CPU = ExportRelease|Any CPU
	EndGlobalSection
	GlobalSection(ProjectConfigurationPlatforms) = postSolution
		{F996CBB2-6C84-4A70-A369-747B0D4DF403}.Debug|Any CPU.ActiveCfg = Debug|Any CPU
		{F996CBB2-6C84-4A70-A369-747B0D4DF403}.Debug|Any CPU.Build.0 = Debug|Any CPU
		{F996CBB2-6C84-4A70-A369-747B0D4DF403}.ExportDebug|Any CPU.ActiveCfg = ExportDebug|Any CPU
		{F996CBB2-6C84-4A70-A369-747B0D4DF403}.ExportDebug|Any CPU.Build.0 = ExportDebug|Any CPU
		{F996CBB2-6C84-4A70-A369-747B0D4DF403}.ExportRelease|Any CPU.ActiveCfg = ExportRelease|Any CPU
		{F996CBB2-6C84-4A70-A369-747B0D4DF403}.ExportRelease|Any CPU.Build.0 = ExportRelease|Any CPU
	EndGlobalSection
EndGlobal
